
Microsoft Visual Studio Solution File, Format Version 12.00
# Visual Studio Version 16
VisualStudioVersion = 25.0.1706.1
MinimumVisualStudioVersion = 10.0.40219.1
Project("{FAE04EC0-301F-11D3-BF4B-00C04F79EFBC}") = "Blog", "Blog\Blog.csproj", "{D15513A8-6CE7-4EAE-9361-EE53A8FFD9C7}"
EndProject
Global
	GlobalSection(SolutionConfigurationPlatforms) = preSolution
		Debug|Any CPU = Debug|Any CPU
		Release|Any CPU = Release|Any CPU
	EndGlobalSection
	GlobalSection(ProjectConfigurationPlatforms) = postSolution
		{D15513A8-6CE7-4EAE-9361-EE53A8FFD9C7}.Debug|Any CPU.ActiveCfg = Debug|Any CPU
		{D15513A8-6CE7-4EAE-9361-EE53A8FFD9C7}.Debug|Any CPU.Build.0 = Debug|Any CPU
		{D15513A8-6CE7-4EAE-9361-EE53A8FFD9C7}.Release|Any CPU.ActiveCfg = Release|Any CPU
		{D15513A8-6CE7-4EAE-9361-EE53A8FFD9C7}.Release|Any CPU.Build.0 = Release|Any CPU
	EndGlobalSection
	GlobalSection(SolutionProperties) = preSolution
		HideSolutionNode = FALSE
	EndGlobalSection
	GlobalSection(ExtensibilityGlobals) = postSolution
		SolutionGuid = {1BEB05B8-0952-42B8-AD79-596911071267}
	EndGlobalSection
EndGlobal
